
Microsoft Visual Studio Solution File, Format Version 12.00
# Visual Studio Version 17
VisualStudioVersion = 17.2.32630.192
MinimumVisualStudioVersion = 10.0.40219.1
Project("{FAE04EC0-301F-11D3-BF4B-00C04F79EFBC}") = "Loops2", "Loops2.csproj", "{57E1CCDA-D3E1-430D-9F11-D11AF87109D5}"
EndProject
Global
	GlobalSection(SolutionConfigurationPlatforms) = preSolution
		Debug|Any CPU = Debug|Any CPU
		Release|Any CPU = Release|Any CPU
	EndGlobalSection
	GlobalSection(ProjectConfigurationPlatforms) = postSolution
		{57E1CCDA-D3E1-430D-9F11-D11AF87109D5}.Debug|Any CPU.ActiveCfg = Debug|Any CPU
		{57E1CCDA-D3E1-430D-9F11-D11AF87109D5}.Debug|Any CPU.Build.0 = Debug|Any CPU
		{57E1CCDA-D3E1-430D-9F11-D11AF87109D5}.Release|Any CPU.ActiveCfg = Release|Any CPU
		{57E1CCDA-D3E1-430D-9F11-D11AF87109D5}.Release|Any CPU.Build.0 = Release|Any CPU
	EndGlobalSection
	GlobalSection(SolutionProperties) = preSolution
		HideSolutionNode = FALSE
	EndGlobalSection
	GlobalSection(ExtensibilityGlobals) = postSolution
		SolutionGuid = {A016822A-C7D3-4F56-BB28-5BF7CF05EF9F}
	EndGlobalSection
EndGlobal
